{
  "name": "leaflet-angular",
  "version": "0.0.1",
  "lockfileVersion": 1,
  "requires": true,
  "dependencies": {
    "angular": {
      "version": "1.6.8",
      "resolved": "https://registry.npmjs.org/angular/-/angular-1.6.8.tgz",
      "integrity": "sha512-9WErZIOw1Cu1V5Yxdvxz/6YpND8ntdP71fdPpufPFJvZodZXqCjQBYrHqEoMZreO5i84O3D/Jw/vepoFt68Azw=="
    },
    "angular-leaflet-directive": {
      "version": "0.10.0",
      "resolved": "https://registry.npmjs.org/angular-leaflet-directive/-/angular-leaflet-directive-0.10.0.tgz",
      "integrity": "sha1-7CBZ9MEBfVvnILqamh4FgB6gF6E=",
      "requires": {
        "angular": "1.6.8",
        "leaflet": "0.7.7"
      },
      "dependencies": {
        "leaflet": {
          "version": "0.7.7",
          "resolved": "https://registry.npmjs.org/leaflet/-/leaflet-0.7.7.tgz",
          "integrity": "sha1-HjUrpU5j0HZFH6NjyQCJDLLPde4="
        }
      }
    },
    "bootstrap": {
      "version": "4.0.0",
      "resolved": "https://registry.npmjs.org/bootstrap/-/bootstrap-4.0.0.tgz",
      "integrity": "sha512-gulJE5dGFo6Q61V/whS6VM4WIyrlydXfCgkE+Gxe5hjrJ8rXLLZlALq7zq2RPhOc45PSwQpJkrTnc2KgD6cvmA=="
    },
    "jquery": {
      "version": "3.3.1",
      "resolved": "https://registry.npmjs.org/jquery/-/jquery-3.3.1.tgz",
      "integrity": "sha512-Ubldcmxp5np52/ENotGxlLe6aGMvmF4R8S6tZjsP6Knsaxd/xp3Zrh50cG93lR6nPXyUFwzN3ZSOQI0wRJNdGg=="
    },
    "leaflet": {
      "version": "1.3.1",
      "resolved": "https://registry.npmjs.org/leaflet/-/leaflet-1.3.1.tgz",
      "integrity": "sha512-adQOIzh+bfdridLM1xIgJ9VnJbAUY3wqs/ueF+ITla+PLQ1z47USdBKUf+iD9FuUA8RtlT6j6hZBfZoA6mW+XQ=="
    }
  }
}
